
Microsoft Visual Studio Solution File, Format Version 12.00
# Visual Studio Version 16
VisualStudioVersion = 16.0.29230.47
MinimumVisualStudioVersion = 10.0.40219.1
Project("{FAE04EC0-301F-11D3-BF4B-00C04F79EFBC}") = "lecture 5 wpf and while loop", "lecture 5 wpf and while loop.csproj", "{DBE33792-AB04-489C-A542-5E16519A37A7}"
EndProject
Global
	GlobalSection(SolutionConfigurationPlatforms) = preSolution
		Debug|Any CPU = Debug|Any CPU
		Release|Any CPU = Release|Any CPU
	EndGlobalSection
	GlobalSection(ProjectConfigurationPlatforms) = postSolution
		{DBE33792-AB04-489C-A542-5E16519A37A7}.Debug|Any CPU.ActiveCfg = Debug|Any CPU
		{DBE33792-AB04-489C-A542-5E16519A37A7}.Debug|Any CPU.Build.0 = Debug|Any CPU
		{DBE33792-AB04-489C-A542-5E16519A37A7}.Release|Any CPU.ActiveCfg = Release|Any CPU
		{DBE33792-AB04-489C-A542-5E16519A37A7}.Release|Any CPU.Build.0 = Release|Any CPU
	EndGlobalSection
	GlobalSection(SolutionProperties) = preSolution
		HideSolutionNode = FALSE
	EndGlobalSection
	GlobalSection(ExtensibilityGlobals) = postSolution
		SolutionGuid = {243B2BE8-06FC-4DB4-A0DA-A9FEFD086AED}
	EndGlobalSection
EndGlobal
