
Microsoft Visual Studio Solution File, Format Version 12.00
# Visual Studio Version 16
VisualStudioVersion = 16.0.29230.47
MinimumVisualStudioVersion = 10.0.40219.1
Project("{FAE04EC0-301F-11D3-BF4B-00C04F79EFBC}") = "lecture 11", "lecture 11.csproj", "{7D718A79-A0AE-41CA-9F22-F7DBCDCFA503}"
EndProject
Global
	GlobalSection(SolutionConfigurationPlatforms) = preSolution
		Debug|Any CPU = Debug|Any CPU
		Release|Any CPU = Release|Any CPU
	EndGlobalSection
	GlobalSection(ProjectConfigurationPlatforms) = postSolution
		{7D718A79-A0AE-41CA-9F22-F7DBCDCFA503}.Debug|Any CPU.ActiveCfg = Debug|Any CPU
		{7D718A79-A0AE-41CA-9F22-F7DBCDCFA503}.Debug|Any CPU.Build.0 = Debug|Any CPU
		{7D718A79-A0AE-41CA-9F22-F7DBCDCFA503}.Release|Any CPU.ActiveCfg = Release|Any CPU
		{7D718A79-A0AE-41CA-9F22-F7DBCDCFA503}.Release|Any CPU.Build.0 = Release|Any CPU
	EndGlobalSection
	GlobalSection(SolutionProperties) = preSolution
		HideSolutionNode = FALSE
	EndGlobalSection
	GlobalSection(ExtensibilityGlobals) = postSolution
		SolutionGuid = {CF6144A5-8B60-46F1-953E-DF6D2AAE5871}
	EndGlobalSection
EndGlobal
