
Microsoft Visual Studio Solution File, Format Version 12.00
# Visual Studio Version 16
VisualStudioVersion = 16.0.29230.47
MinimumVisualStudioVersion = 10.0.40219.1
Project("{FAE04EC0-301F-11D3-BF4B-00C04F79EFBC}") = "lecture 13", "lecture 13.csproj", "{29D0B3A9-8D82-443B-A369-1C003404A710}"
EndProject
Global
	GlobalSection(SolutionConfigurationPlatforms) = preSolution
		Debug|Any CPU = Debug|Any CPU
		Release|Any CPU = Release|Any CPU
	EndGlobalSection
	GlobalSection(ProjectConfigurationPlatforms) = postSolution
		{29D0B3A9-8D82-443B-A369-1C003404A710}.Debug|Any CPU.ActiveCfg = Debug|Any CPU
		{29D0B3A9-8D82-443B-A369-1C003404A710}.Debug|Any CPU.Build.0 = Debug|Any CPU
		{29D0B3A9-8D82-443B-A369-1C003404A710}.Release|Any CPU.ActiveCfg = Release|Any CPU
		{29D0B3A9-8D82-443B-A369-1C003404A710}.Release|Any CPU.Build.0 = Release|Any CPU
	EndGlobalSection
	GlobalSection(SolutionProperties) = preSolution
		HideSolutionNode = FALSE
	EndGlobalSection
	GlobalSection(ExtensibilityGlobals) = postSolution
		SolutionGuid = {96F23E58-7703-41D6-834F-08D5D0F025D5}
	EndGlobalSection
EndGlobal
