
Microsoft Visual Studio Solution File, Format Version 12.00
# Visual Studio Version 16
VisualStudioVersion = 16.0.29230.47
MinimumVisualStudioVersion = 10.0.40219.1
Project("{FAE04EC0-301F-11D3-BF4B-00C04F79EFBC}") = "lecture 4", "lecture 4\lecture 4.csproj", "{2B99974C-471F-4A23-A77F-BF560053849B}"
EndProject
Global
	GlobalSection(SolutionConfigurationPlatforms) = preSolution
		Debug|Any CPU = Debug|Any CPU
		Release|Any CPU = Release|Any CPU
	EndGlobalSection
	GlobalSection(ProjectConfigurationPlatforms) = postSolution
		{2B99974C-471F-4A23-A77F-BF560053849B}.Debug|Any CPU.ActiveCfg = Debug|Any CPU
		{2B99974C-471F-4A23-A77F-BF560053849B}.Debug|Any CPU.Build.0 = Debug|Any CPU
		{2B99974C-471F-4A23-A77F-BF560053849B}.Release|Any CPU.ActiveCfg = Release|Any CPU
		{2B99974C-471F-4A23-A77F-BF560053849B}.Release|Any CPU.Build.0 = Release|Any CPU
	EndGlobalSection
	GlobalSection(SolutionProperties) = preSolution
		HideSolutionNode = FALSE
	EndGlobalSection
	GlobalSection(ExtensibilityGlobals) = postSolution
		SolutionGuid = {84791DC1-C1DB-4E33-A990-78C9DF98EC81}
	EndGlobalSection
EndGlobal
